lockfileVersion: '9.0'

settings:
  autoInstallPeers: true
  excludeLinksFromLockfile: false

importers:

  .:
    dependencies:
      nodemailer:
        specifier: ^7.0.5
        version: 7.0.5

packages:

  nodemailer@7.0.5:
    resolution: {integrity: sha512-nsrh2lO3j4GkLLXoeEksAMgAOqxOv6QumNRVQTJwKH4nuiww6iC2y7GyANs9kRAxCexg3+lTWM3PZ91iLlVjfg==}
    engines: {node: '>=6.0.0'}

snapshots:

  nodemailer@7.0.5: {}
